
Microsoft Visual Studio Solution File, Format Version 12.00
# Visual Studio Version 17
VisualStudioVersion = 17.14.36603.0 d17.14
MinimumVisualStudioVersion = 10.0.40219.1
Project("{FAE04EC0-301F-11D3-BF4B-00C04F79EFBC}") = "farmacia_semejante", "farmacia_semejante\farmacia_semejante.csproj", "{11EEB3B8-2E38-4E48-B10C-91A46A3A560D}"
EndProject
Global
	GlobalSection(SolutionConfigurationPlatforms) = preSolution
		Debug|Any CPU = Debug|Any CPU
		Release|Any CPU = Release|Any CPU
	EndGlobalSection
	GlobalSection(ProjectConfigurationPlatforms) = postSolution
		{11EEB3B8-2E38-4E48-B10C-91A46A3A560D}.Debug|Any CPU.ActiveCfg = Debug|Any CPU
		{11EEB3B8-2E38-4E48-B10C-91A46A3A560D}.Debug|Any CPU.Build.0 = Debug|Any CPU
		{11EEB3B8-2E38-4E48-B10C-91A46A3A560D}.Release|Any CPU.ActiveCfg = Release|Any CPU
		{11EEB3B8-2E38-4E48-B10C-91A46A3A560D}.Release|Any CPU.Build.0 = Release|Any CPU
	EndGlobalSection
	GlobalSection(SolutionProperties) = preSolution
		HideSolutionNode = FALSE
	EndGlobalSection
	GlobalSection(ExtensibilityGlobals) = postSolution
		SolutionGuid = {4E651A6E-9A19-4B29-B84A-14D662975F06}
	EndGlobalSection
EndGlobal
